
Microsoft Visual Studio Solution File, Format Version 12.00
# Visual Studio Version 17
VisualStudioVersion = 17.11.35222.181
MinimumVisualStudioVersion = 10.0.40219.1
Project("{FAE04EC0-301F-11D3-BF4B-00C04F79EFBC}") = "officeeatsbackendapi", "officeeatsbackendapi.csproj", "{FD11678A-B1A6-42C5-876E-F8A1AB5AF038}"
EndProject
Global
	GlobalSection(SolutionConfigurationPlatforms) = preSolution
		Debug|Any CPU = Debug|Any CPU
		Release|Any CPU = Release|Any CPU
	EndGlobalSection
	GlobalSection(ProjectConfigurationPlatforms) = postSolution
		{FD11678A-B1A6-42C5-876E-F8A1AB5AF038}.Debug|Any CPU.ActiveCfg = Debug|Any CPU
		{FD11678A-B1A6-42C5-876E-F8A1AB5AF038}.Debug|Any CPU.Build.0 = Debug|Any CPU
		{FD11678A-B1A6-42C5-876E-F8A1AB5AF038}.Release|Any CPU.ActiveCfg = Release|Any CPU
		{FD11678A-B1A6-42C5-876E-F8A1AB5AF038}.Release|Any CPU.Build.0 = Release|Any CPU
	EndGlobalSection
	GlobalSection(SolutionProperties) = preSolution
		HideSolutionNode = FALSE
	EndGlobalSection
	GlobalSection(ExtensibilityGlobals) = postSolution
		SolutionGuid = {CB583C20-7EE6-48F9-88CD-CB40C76BB759}
	EndGlobalSection
EndGlobal
